# THIS IS AN AUTOGENERATED FILE. DO NOT EDIT THIS FILE DIRECTLY.
# yarn lockfile v1


"@popperjs/core@^2.1.1":
  version "2.1.1"
  resolved "https://registry.yarnpkg.com/@popperjs/core/-/core-2.1.1.tgz#12c572ab88ef7345b43f21883fca26631c223085"
  integrity sha512-sLqWxCzC5/QHLhziXSCAksBxHfOnQlhPRVgPK0egEw+ktWvG75T2k+aYWVjVh9+WKeT3tlG3ZNbZQvZLmfuOIw==

desandro-matches-selector@^2.0.0:
  version "2.0.2"
  resolved "https://registry.yarnpkg.com/desandro-matches-selector/-/desandro-matches-selector-2.0.2.tgz#717beed4dc13e7d8f3762f707a6d58a6774218e1"
  integrity sha1-cXvu1NwT59jzdi9wem1YpndCGOE=

ev-emitter@^1.0.1, ev-emitter@^1.1.1:
  version "1.1.1"
  resolved "https://registry.yarnpkg.com/ev-emitter/-/ev-emitter-1.1.1.tgz#8f18b0ce5c76a5d18017f71c0a795c65b9138f2a"
  integrity sha512-ipiDYhdQSCZ4hSbX4rMW+XzNKMD1prg/sTvoVmSLkuQ1MVlwjJQQA+sW8tMYR3BLUr9KjodFV4pvzunvRhd33Q==

fizzy-ui-utils@^2.0.7:
  version "2.0.7"
  resolved "https://registry.yarnpkg.com/fizzy-ui-utils/-/fizzy-ui-utils-2.0.7.tgz#7df45dcc4eb374a08b65d39bb9a4beedf7330505"
  integrity sha512-CZXDVXQ1If3/r8s0T+v+qVeMshhfcuq0rqIFgJnrtd+Bu8GmDmqMjntjUePypVtjHXKJ6V4sw9zeyox34n9aCg==
  dependencies:
    desandro-matches-selector "^2.0.0"

flickity@^2.2.1:
  version "2.2.1"
  resolved "https://registry.yarnpkg.com/flickity/-/flickity-2.2.1.tgz#81126e3d656cb54577358a5f959ffdbda088e670"
  integrity sha512-fCZJGNqabgDrIhaUBqt2ydE8c5V6iiB3KQAf6dH3Z45MoDUm7g6+uZmteN0aLV9pzVItNqCbfOJQjsJM/rHuSA==
  dependencies:
    desandro-matches-selector "^2.0.0"
    ev-emitter "^1.1.1"
    fizzy-ui-utils "^2.0.7"
    get-size "^2.0.3"
    unidragger "^2.3.0"
    unipointer "^2.3.0"

get-size@^2.0.3:
  version "2.0.3"
  resolved "https://registry.yarnpkg.com/get-size/-/get-size-2.0.3.tgz#54a1d0256b20ea7ac646516756202769941ad2ef"
  integrity sha512-lXNzT/h/dTjTxRbm9BXb+SGxxzkm97h/PCIKtlN/CBCxxmkkIVV21udumMS93MuVTDX583gqc94v3RjuHmI+2Q==

jquery@^3.5.0:
  version "3.5.0"
  resolved "https://registry.yarnpkg.com/jquery/-/jquery-3.5.0.tgz#9980b97d9e4194611c36530e7dc46a58d7340fc9"
  integrity sha512-Xb7SVYMvygPxbFMpTFQiHh1J7HClEaThguL15N/Gg37Lri/qKyhRGZYzHRyLH8Stq3Aow0LsHO2O2ci86fCrNQ==

unidragger@^2.3.0:
  version "2.3.0"
  resolved "https://registry.yarnpkg.com/unidragger/-/unidragger-2.3.0.tgz#ab9d9fd62106f3252d88fae5f3a99575e6d31d02"
  integrity sha512-dVkSqQdwcsaNmXaandBAOcJ4QVvkrDPosfCcZ7opYPkAiisCQaGlNw0pg00lBV4MQoWEXsEaiwhtQlbnvlXrQQ==
  dependencies:
    unipointer "^2.3.0"

unipointer@^2.3.0:
  version "2.3.0"
  resolved "https://registry.yarnpkg.com/unipointer/-/unipointer-2.3.0.tgz#ba0dc462ce31c2a88e80810e19c3bae0ce47ed9f"
  integrity sha512-m85sAoELCZhogI1owtJV3Dva7GxkHk2lI7A0otw3o0OwCuC/Q9gi7ehddigEYIAYbhkqNdri+dU1QQkrcBvirQ==
  dependencies:
    ev-emitter "^1.0.1"
